// !$*UTF8*$!
{
	archiveVersion = 1;
	classes = {
	};
	objectVersion = 55;
	objects = {

/* Begin PBXBuildFile section */
		9F578D45293774A600FC58C7 /* AppDelegate.swift in Sources */ = {isa = PBXBuildFile; fileRef = 9F578D44293774A600FC58C7 /* AppDelegate.swift */; };
		9F578D47293774A600FC58C7 /* SceneDelegate.swift in Sources */ = {isa = PBXBuildFile; fileRef = 9F578D46293774A600FC58C7 /* SceneDelegate.swift */; };
		9F578D49293774A600FC58C7 /* ViewController.swift in Sources */ = {isa = PBXBuildFile; fileRef = 9F578D48293774A600FC58C7 /* ViewController.swift */; };
		9F578D4E293774A700FC58C7 /* Assets.xcassets in Resources */ = {isa = PBXBuildFile; fileRef = 9F578D4D293774A700FC58C7 /* Assets.xcassets */; };
		9F578D51293774A700FC58C7 /* LaunchScreen.storyboard in Resources */ = {isa = PBXBuildFile; fileRef = 9F578D4F293774A700FC58C7 /* LaunchScreen.storyboard */; };
		9F578D65293779D600FC58C7 /* BaseView.swift in Sources */ = {isa = PBXBuildFile; fileRef = 9F578D64293779D600FC58C7 /* BaseView.swift */; };
		9F578D67293779DF00FC58C7 /* BaseViewController.swift in Sources */ = {isa = PBXBuildFile; fileRef = 9F578D66293779DF00FC58C7 /* BaseViewController.swift */; };
		9F578D6A29377A6200FC58C7 /* MainRootView.swift in Sources */ = {isa = PBXBuildFile; fileRef = 9F578D6929377A6200FC58C7 /* MainRootView.swift */; };
		9F578D6D29377AFA00FC58C7 /* UIColor.swift in Sources */ = {isa = PBXBuildFile; fileRef = 9F578D6C29377AFA00FC58C7 /* UIColor.swift */; };
		9F578D6F29377B6300FC58C7 /* TabsCollectionView.swift in Sources */ = {isa = PBXBuildFile; fileRef = 9F578D6E29377B6300FC58C7 /* TabsCollectionView.swift */; };
		9F578D7129377BA700FC58C7 /* TabsCollectionViewCell.swift in Sources */ = {isa = PBXBuildFile; fileRef = 9F578D7029377BA700FC58C7 /* TabsCollectionViewCell.swift */; };
		9F578D7329377CDB00FC58C7 /* UIView.swift in Sources */ = {isa = PBXBuildFile; fileRef = 9F578D7229377CDB00FC58C7 /* UIView.swift */; };
		9F578D752937927F00FC58C7 /* MainModel.swift in Sources */ = {isa = PBXBuildFile; fileRef = 9F578D742937927F00FC58C7 /* MainModel.swift */; };
		9F578D782937935100FC58C7 /* NewsAPI.swift in Sources */ = {isa = PBXBuildFile; fileRef = 9F578D772937935100FC58C7 /* NewsAPI.swift */; };
		9F578D7A293793B500FC58C7 /* ParsingModel.swift in Sources */ = {isa = PBXBuildFile; fileRef = 9F578D79293793B500FC58C7 /* ParsingModel.swift */; };
		9F578D7C2937942F00FC58C7 /* ViewModel.swift in Sources */ = {isa = PBXBuildFile; fileRef = 9F578D7B2937942F00FC58C7 /* ViewModel.swift */; };
		9F578D7E2937945100FC58C7 /* Observer.swift in Sources */ = {isa = PBXBuildFile; fileRef = 9F578D7D2937945100FC58C7 /* Observer.swift */; };
		9F578D812937B08700FC58C7 /* NewsTableView.swift in Sources */ = {isa = PBXBuildFile; fileRef = 9F578D802937B08700FC58C7 /* NewsTableView.swift */; };
		9F578D832937B1F500FC58C7 /* TableViewCell.swift in Sources */ = {isa = PBXBuildFile; fileRef = 9F578D822937B1F500FC58C7 /* TableViewCell.swift */; };
		9F578D852937B2D100FC58C7 /* BaseTableViewCell.swift in Sources */ = {isa = PBXBuildFile; fileRef = 9F578D842937B2D100FC58C7 /* BaseTableViewCell.swift */; };
		9F578D872937B30B00FC58C7 /* ImageDownloader.swift in Sources */ = {isa = PBXBuildFile; fileRef = 9F578D862937B30B00FC58C7 /* ImageDownloader.swift */; };
/* End PBXBuildFile section */

/* Begin PBXFileReference section */
		9F578D41293774A600FC58C7 /* FreshNews.app */ = {isa = PBXFileReference; explicitFileType = wrapper.application; includeInIndex = 0; path = FreshNews.app; sourceTree = BUILT_PRODUCTS_DIR; };
		9F578D44293774A600FC58C7 /* AppDelegate.swift */ = {isa = PBXFileReference; lastKnownFileType = sourcecode.swift; path = AppDelegate.swift; sourceTree = "<group>"; };
		9F578D46293774A600FC58C7 /* SceneDelegate.swift */ = {isa = PBXFileReference; lastKnownFileType = sourcecode.swift; path = SceneDelegate.swift; sourceTree = "<group>"; };
		9F578D48293774A600FC58C7 /* ViewController.swift */ = {isa = PBXFileReference; lastKnownFileType = sourcecode.swift; path = ViewController.swift; sourceTree = "<group>"; };
		9F578D4D293774A700FC58C7 /* Assets.xcassets */ = {isa = PBXFileReference; lastKnownFileType = folder.assetcatalog; path = Assets.xcassets; sourceTree = "<group>"; };
		9F578D50293774A700FC58C7 /* Base */ = {isa = PBXFileReference; lastKnownFileType = file.storyboard; name = Base; path = Base.lproj/LaunchScreen.storyboard; sourceTree = "<group>"; };
		9F578D52293774A700FC58C7 /* Info.plist */ = {isa = PBXFileReference; lastKnownFileType = text.plist.xml; path = Info.plist; sourceTree = "<group>"; };
		9F578D64293779D600FC58C7 /* BaseView.swift */ = {isa = PBXFileReference; lastKnownFileType = sourcecode.swift; path = BaseView.swift; sourceTree = "<group>"; };
		9F578D66293779DF00FC58C7 /* BaseViewController.swift */ = {isa = PBXFileReference; lastKnownFileType = sourcecode.swift; path = BaseViewController.swift; sourceTree = "<group>"; };
		9F578D6929377A6200FC58C7 /* MainRootView.swift */ = {isa = PBXFileReference; lastKnownFileType = sourcecode.swift; path = MainRootView.swift; sourceTree = "<group>"; };
		9F578D6C29377AFA00FC58C7 /* UIColor.swift */ = {isa = PBXFileReference; lastKnownFileType = sourcecode.swift; path = UIColor.swift; sourceTree = "<group>"; };
		9F578D6E29377B6300FC58C7 /* TabsCollectionView.swift */ = {isa = PBXFileReference; lastKnownFileType = sourcecode.swift; path = TabsCollectionView.swift; sourceTree = "<group>"; };
		9F578D7029377BA700FC58C7 /* TabsCollectionViewCell.swift */ = {isa = PBXFileReference; lastKnownFileType = sourcecode.swift; path = TabsCollectionViewCell.swift; sourceTree = "<group>"; };
		9F578D7229377CDB00FC58C7 /* UIView.swift */ = {isa = PBXFileReference; lastKnownFileType = sourcecode.swift; path = UIView.swift; sourceTree = "<group>"; };
		9F578D742937927F00FC58C7 /* MainModel.swift */ = {isa = PBXFileReference; lastKnownFileType = sourcecode.swift; path = MainModel.swift; sourceTree = "<group>"; };
		9F578D772937935100FC58C7 /* NewsAPI.swift */ = {isa = PBXFileReference; lastKnownFileType = sourcecode.swift; path = NewsAPI.swift; sourceTree = "<group>"; };
		9F578D79293793B500FC58C7 /* ParsingModel.swift */ = {isa = PBXFileReference; lastKnownFileType = sourcecode.swift; path = ParsingModel.swift; sourceTree = "<group>"; };
		9F578D7B2937942F00FC58C7 /* ViewModel.swift */ = {isa = PBXFileReference; lastKnownFileType = sourcecode.swift; path = ViewModel.swift; sourceTree = "<group>"; };
		9F578D7D2937945100FC58C7 /* Observer.swift */ = {isa = PBXFileReference; lastKnownFileType = sourcecode.swift; path = Observer.swift; sourceTree = "<group>"; };
		9F578D802937B08700FC58C7 /* NewsTableView.swift */ = {isa = PBXFileReference; lastKnownFileType = sourcecode.swift; path = NewsTableView.swift; sourceTree = "<group>"; };
		9F578D822937B1F500FC58C7 /* TableViewCell.swift */ = {isa = PBXFileReference; lastKnownFileType = sourcecode.swift; path = TableViewCell.swift; sourceTree = "<group>"; };
		9F578D842937B2D100FC58C7 /* BaseTableViewCell.swift */ = {isa = PBXFileReference; lastKnownFileType = sourcecode.swift; path = BaseTableViewCell.swift; sourceTree = "<group>"; };
		9F578D862937B30B00FC58C7 /* ImageDownloader.swift */ = {isa = PBXFileReference; lastKnownFileType = sourcecode.swift; path = ImageDownloader.swift; sourceTree = "<group>"; };
/* End PBXFileReference section */

/* Begin PBXFrameworksBuildPhase section */
		9F578D3E293774A600FC58C7 /* Frameworks */ = {
			isa = PBXFrameworksBuildPhase;
			buildActionMask = 2147483647;
			files = (
			);
			runOnlyForDeploymentPostprocessing = 0;
		};
/* End PBXFrameworksBuildPhase section */

/* Begin PBXGroup section */
		9F578D38293774A600FC58C7 = {
			isa = PBXGroup;
			children = (
				9F578D43293774A600FC58C7 /* FreshNews */,
				9F578D42293774A600FC58C7 /* Products */,
			);
			sourceTree = "<group>";
		};
		9F578D42293774A600FC58C7 /* Products */ = {
			isa = PBXGroup;
			children = (
				9F578D41293774A600FC58C7 /* FreshNews.app */,
			);
			name = Products;
			sourceTree = "<group>";
		};
		9F578D43293774A600FC58C7 /* FreshNews */ = {
			isa = PBXGroup;
			children = (
				9F578D5B293775C500FC58C7 /* Application */,
				9F578D5C293776B700FC58C7 /* MainNewsScreen */,
				9F578D5F2937773500FC58C7 /* Supporting */,
				9F578D4D293774A700FC58C7 /* Assets.xcassets */,
				9F578D4F293774A700FC58C7 /* LaunchScreen.storyboard */,
				9F578D52293774A700FC58C7 /* Info.plist */,
			);
			path = FreshNews;
			sourceTree = "<group>";
		};
		9F578D58293775A000FC58C7 /* Models */ = {
			isa = PBXGroup;
			children = (
				9F578D742937927F00FC58C7 /* MainModel.swift */,
			);
			path = Models;
			sourceTree = "<group>";
		};
		9F578D59293775AB00FC58C7 /* Views */ = {
			isa = PBXGroup;
			children = (
				9F578D48293774A600FC58C7 /* ViewController.swift */,
				9F578D6829377A4900FC58C7 /* MainRootView */,
			);
			path = Views;
			sourceTree = "<group>";
		};
		9F578D5A293775B200FC58C7 /* ViewModels */ = {
			isa = PBXGroup;
			children = (
				9F578D7B2937942F00FC58C7 /* ViewModel.swift */,
				9F578D7D2937945100FC58C7 /* Observer.swift */,
			);
			path = ViewModels;
			sourceTree = "<group>";
		};
		9F578D5B293775C500FC58C7 /* Application */ = {
			isa = PBXGroup;
			children = (
				9F578D44293774A600FC58C7 /* AppDelegate.swift */,
				9F578D46293774A600FC58C7 /* SceneDelegate.swift */,
			);
			path = Application;
			sourceTree = "<group>";
		};
		9F578D5C293776B700FC58C7 /* MainNewsScreen */ = {
			isa = PBXGroup;
			children = (
				9F578D58293775A000FC58C7 /* Models */,
				9F578D59293775AB00FC58C7 /* Views */,
				9F578D5A293775B200FC58C7 /* ViewModels */,
			);
			path = MainNewsScreen;
			sourceTree = "<group>";
		};
		9F578D5D293776EC00FC58C7 /* Networking */ = {
			isa = PBXGroup;
			children = (
				9F578D772937935100FC58C7 /* NewsAPI.swift */,
				9F578D79293793B500FC58C7 /* ParsingModel.swift */,
				9F578D862937B30B00FC58C7 /* ImageDownloader.swift */,
			);
			path = Networking;
			sourceTree = "<group>";
		};
		9F578D5E293776FA00FC58C7 /* Extensions */ = {
			isa = PBXGroup;
			children = (
				9F578D6C29377AFA00FC58C7 /* UIColor.swift */,
				9F578D7229377CDB00FC58C7 /* UIView.swift */,
			);
			path = Extensions;
			sourceTree = "<group>";
		};
		9F578D5F2937773500FC58C7 /* Supporting */ = {
			isa = PBXGroup;
			children = (
				9F578D602937775600FC58C7 /* Base */,
				9F578D5D293776EC00FC58C7 /* Networking */,
				9F578D5E293776FA00FC58C7 /* Extensions */,
			);
			path = Supporting;
			sourceTree = "<group>";
		};
		9F578D602937775600FC58C7 /* Base */ = {
			isa = PBXGroup;
			children = (
				9F578D64293779D600FC58C7 /* BaseView.swift */,
				9F578D66293779DF00FC58C7 /* BaseViewController.swift */,
				9F578D842937B2D100FC58C7 /* BaseTableViewCell.swift */,
			);
			path = Base;
			sourceTree = "<group>";
		};
		9F578D612937778F00FC58C7 /* ScrollingTopTabs */ = {
			isa = PBXGroup;
			children = (
				9F578D6E29377B6300FC58C7 /* TabsCollectionView.swift */,
				9F578D7029377BA700FC58C7 /* TabsCollectionViewCell.swift */,
			);
			path = ScrollingTopTabs;
			sourceTree = "<group>";
		};
		9F578D6829377A4900FC58C7 /* MainRootView */ = {
			isa = PBXGroup;
			children = (
				9F578D6929377A6200FC58C7 /* MainRootView.swift */,
				9F578D7F2937B07200FC58C7 /* TableView */,
				9F578D612937778F00FC58C7 /* ScrollingTopTabs */,
			);
			path = MainRootView;
			sourceTree = "<group>";
		};
		9F578D7F2937B07200FC58C7 /* TableView */ = {
			isa = PBXGroup;
			children = (
				9F578D802937B08700FC58C7 /* NewsTableView.swift */,
				9F578D822937B1F500FC58C7 /* TableViewCell.swift */,
			);
			path = TableView;
			sourceTree = "<group>";
		};
/* End PBXGroup section */

/* Begin PBXNativeTarget section */
		9F578D40293774A600FC58C7 /* FreshNews */ = {
			isa = PBXNativeTarget;
			buildConfigurationList = 9F578D55293774A700FC58C7 /* Build configuration list for PBXNativeTarget "FreshNews" */;
			buildPhases = (
				9F578D3D293774A600FC58C7 /* Sources */,
				9F578D3E293774A600FC58C7 /* Frameworks */,
				9F578D3F293774A600FC58C7 /* Resources */,
			);
			buildRules = (
			);
			dependencies = (
			);
			name = FreshNews;
			productName = FreshNews;
			productReference = 9F578D41293774A600FC58C7 /* FreshNews.app */;
			productType = "com.apple.product-type.application";
		};
/* End PBXNativeTarget section */

/* Begin PBXProject section */
		9F578D39293774A600FC58C7 /* Project object */ = {
			isa = PBXProject;
			attributes = {
				BuildIndependentTargetsInParallel = 1;
				LastSwiftUpdateCheck = 1340;
				LastUpgradeCheck = 1340;
				TargetAttributes = {
					9F578D40293774A600FC58C7 = {
						CreatedOnToolsVersion = 13.4.1;
					};
				};
			};
			buildConfigurationList = 9F578D3C293774A600FC58C7 /* Build configuration list for PBXProject "FreshNews" */;
			compatibilityVersion = "Xcode 13.0";
			developmentRegion = en;
			hasScannedForEncodings = 0;
			knownRegions = (
				en,
				Base,
			);
			mainGroup = 9F578D38293774A600FC58C7;
			productRefGroup = 9F578D42293774A600FC58C7 /* Products */;
			projectDirPath = "";
			projectRoot = "";
			targets = (
				9F578D40293774A600FC58C7 /* FreshNews */,
			);
		};
/* End PBXProject section */

/* Begin PBXResourcesBuildPhase section */
		9F578D3F293774A600FC58C7 /* Resources */ = {
			isa = PBXResourcesBuildPhase;
			buildActionMask = 2147483647;
			files = (
				9F578D51293774A700FC58C7 /* LaunchScreen.storyboard in Resources */,
				9F578D4E293774A700FC58C7 /* Assets.xcassets in Resources */,
			);
			runOnlyForDeploymentPostprocessing = 0;
		};
/* End PBXResourcesBuildPhase section */

/* Begin PBXSourcesBuildPhase section */
		9F578D3D293774A600FC58C7 /* Sources */ = {
			isa = PBXSourcesBuildPhase;
			buildActionMask = 2147483647;
			files = (
				9F578D7329377CDB00FC58C7 /* UIView.swift in Sources */,
				9F578D7E2937945100FC58C7 /* Observer.swift in Sources */,
				9F578D67293779DF00FC58C7 /* BaseViewController.swift in Sources */,
				9F578D7129377BA700FC58C7 /* TabsCollectionViewCell.swift in Sources */,
				9F578D852937B2D100FC58C7 /* BaseTableViewCell.swift in Sources */,
				9F578D6D29377AFA00FC58C7 /* UIColor.swift in Sources */,
				9F578D7A293793B500FC58C7 /* ParsingModel.swift in Sources */,
				9F578D49293774A600FC58C7 /* ViewController.swift in Sources */,
				9F578D7C2937942F00FC58C7 /* ViewModel.swift in Sources */,
				9F578D6F29377B6300FC58C7 /* TabsCollectionView.swift in Sources */,
				9F578D752937927F00FC58C7 /* MainModel.swift in Sources */,
				9F578D45293774A600FC58C7 /* AppDelegate.swift in Sources */,
				9F578D6A29377A6200FC58C7 /* MainRootView.swift in Sources */,
				9F578D47293774A600FC58C7 /* SceneDelegate.swift in Sources */,
				9F578D65293779D600FC58C7 /* BaseView.swift in Sources */,
				9F578D832937B1F500FC58C7 /* TableViewCell.swift in Sources */,
				9F578D872937B30B00FC58C7 /* ImageDownloader.swift in Sources */,
				9F578D812937B08700FC58C7 /* NewsTableView.swift in Sources */,
				9F578D782937935100FC58C7 /* NewsAPI.swift in Sources */,
			);
			runOnlyForDeploymentPostprocessing = 0;
		};
/* End PBXSourcesBuildPhase section */

/* Begin PBXVariantGroup section */
		9F578D4F293774A700FC58C7 /* LaunchScreen.storyboard */ = {
			isa = PBXVariantGroup;
			children = (
				9F578D50293774A700FC58C7 /* Base */,
			);
			name = LaunchScreen.storyboard;
			sourceTree = "<group>";
		};
/* End PBXVariantGroup section */

/* Begin XCBuildConfiguration section */
		9F578D53293774A700FC58C7 /* Debug */ = {
			isa = XCBuildConfiguration;
			buildSettings = {
				ALWAYS_SEARCH_USER_PATHS = NO;
				CLANG_ANALYZER_NONNULL = YES;
				CLANG_ANALYZER_NUMBER_OBJECT_CONVERSION = YES_AGGRESSIVE;
				CLANG_CXX_LANGUAGE_STANDARD = "gnu++17";
				CLANG_ENABLE_MODULES = YES;
				CLANG_ENABLE_OBJC_ARC = YES;
				CLANG_ENABLE_OBJC_WEAK = YES;
				CLANG_WARN_BLOCK_CAPTURE_AUTORELEASING = YES;
				CLANG_WARN_BOOL_CONVERSION = YES;
				CLANG_WARN_COMMA = YES;
				CLANG_WARN_CONSTANT_CONVERSION = YES;
				CLANG_WARN_DEPRECATED_OBJC_IMPLEMENTATIONS = YES;
				CLANG_WARN_DIRECT_OBJC_ISA_USAGE = YES_ERROR;
				CLANG_WARN_DOCUMENTATION_COMMENTS = YES;
				CLANG_WARN_EMPTY_BODY = YES;
				CLANG_WARN_ENUM_CONVERSION = YES;
				CLANG_WARN_INFINITE_RECURSION = YES;
				CLANG_WARN_INT_CONVERSION = YES;
				CLANG_WARN_NON_LITERAL_NULL_CONVERSION = YES;
				CLANG_WARN_OBJC_IMPLICIT_RETAIN_SELF = YES;
				CLANG_WARN_OBJC_LITERAL_CONVERSION = YES;
				CLANG_WARN_OBJC_ROOT_CLASS = YES_ERROR;
				CLANG_WARN_QUOTED_INCLUDE_IN_FRAMEWORK_HEADER = YES;
				CLANG_WARN_RANGE_LOOP_ANALYSIS = YES;
				CLANG_WARN_STRICT_PROTOTYPES = YES;
				CLANG_WARN_SUSPICIOUS_MOVE = YES;
				CLANG_WARN_UNGUARDED_AVAILABILITY = YES_AGGRESSIVE;
				CLANG_WARN_UNREACHABLE_CODE = YES;
				CLANG_WARN__DUPLICATE_METHOD_MATCH = YES;
				COPY_PHASE_STRIP = NO;
				DEBUG_INFORMATION_FORMAT = dwarf;
				ENABLE_STRICT_OBJC_MSGSEND = YES;
				ENABLE_TESTABILITY = YES;
				GCC_C_LANGUAGE_STANDARD = gnu11;
				GCC_DYNAMIC_NO_PIC = NO;
				GCC_NO_COMMON_BLOCKS = YES;
				GCC_OPTIMIZATION_LEVEL = 0;
				GCC_PREPROCESSOR_DEFINITIONS = (
					"DEBUG=1",
					"$(inherited)",
				);
				GCC_WARN_64_TO_32_BIT_CONVERSION = YES;
				GCC_WARN_ABOUT_RETURN_TYPE = YES_ERROR;
				GCC_WARN_UNDECLARED_SELECTOR = YES;
				GCC_WARN_UNINITIALIZED_AUTOS = YES_AGGRESSIVE;
				GCC_WARN_UNUSED_FUNCTION = YES;
				GCC_WARN_UNUSED_VARIABLE = YES;
				IPHONEOS_DEPLOYMENT_TARGET = 15.5;
				MTL_ENABLE_DEBUG_INFO = INCLUDE_SOURCE;
				MTL_FAST_MATH = YES;
				ONLY_ACTIVE_ARCH = YES;
				SDKROOT = iphoneos;
				SWIFT_ACTIVE_COMPILATION_CONDITIONS = DEBUG;
				SWIFT_OPTIMIZATION_LEVEL = "-Onone";
			};
			name = Debug;
		};
		9F578D54293774A700FC58C7 /* Release */ = {
			isa = XCBuildConfiguration;
			buildSettings = {
				ALWAYS_SEARCH_USER_PATHS = NO;
				CLANG_ANALYZER_NONNULL = YES;
				CLANG_ANALYZER_NUMBER_OBJECT_CONVERSION = YES_AGGRESSIVE;
				CLANG_CXX_LANGUAGE_STANDARD = "gnu++17";
				CLANG_ENABLE_MODULES = YES;
				CLANG_ENABLE_OBJC_ARC = YES;
				CLANG_ENABLE_OBJC_WEAK = YES;
				CLANG_WARN_BLOCK_CAPTURE_AUTORELEASING = YES;
				CLANG_WARN_BOOL_CONVERSION = YES;
				CLANG_WARN_COMMA = YES;
				CLANG_WARN_CONSTANT_CONVERSION = YES;
				CLANG_WARN_DEPRECATED_OBJC_IMPLEMENTATIONS = YES;
				CLANG_WARN_DIRECT_OBJC_ISA_USAGE = YES_ERROR;
				CLANG_WARN_DOCUMENTATION_COMMENTS = YES;
				CLANG_WARN_EMPTY_BODY = YES;
				CLANG_WARN_ENUM_CONVERSION = YES;
				CLANG_WARN_INFINITE_RECURSION = YES;
				CLANG_WARN_INT_CONVERSION = YES;
				CLANG_WARN_NON_LITERAL_NULL_CONVERSION = YES;
				CLANG_WARN_OBJC_IMPLICIT_RETAIN_SELF = YES;
				CLANG_WARN_OBJC_LITERAL_CONVERSION = YES;
				CLANG_WARN_OBJC_ROOT_CLASS = YES_ERROR;
				CLANG_WARN_QUOTED_INCLUDE_IN_FRAMEWORK_HEADER = YES;
				CLANG_WARN_RANGE_LOOP_ANALYSIS = YES;
				CLANG_WARN_STRICT_PROTOTYPES = YES;
				CLANG_WARN_SUSPICIOUS_MOVE = YES;
				CLANG_WARN_UNGUARDED_AVAILABILITY = YES_AGGRESSIVE;
				CLANG_WARN_UNREACHABLE_CODE = YES;
				CLANG_WARN__DUPLICATE_METHOD_MATCH = YES;
				COPY_PHASE_STRIP = NO;
				DEBUG_INFORMATION_FORMAT = "dwarf-with-dsym";
				ENABLE_NS_ASSERTIONS = NO;
				ENABLE_STRICT_OBJC_MSGSEND = YES;
				GCC_C_LANGUAGE_STANDARD = gnu11;
				GCC_NO_COMMON_BLOCKS = YES;
				GCC_WARN_64_TO_32_BIT_CONVERSION = YES;
				GCC_WARN_ABOUT_RETURN_TYPE = YES_ERROR;
				GCC_WARN_UNDECLARED_SELECTOR = YES;
				GCC_WARN_UNINITIALIZED_AUTOS = YES_AGGRESSIVE;
				GCC_WARN_UNUSED_FUNCTION = YES;
				GCC_WARN_UNUSED_VARIABLE = YES;
				IPHONEOS_DEPLOYMENT_TARGET = 15.5;
				MTL_ENABLE_DEBUG_INFO = NO;
				MTL_FAST_MATH = YES;
				SDKROOT = iphoneos;
				SWIFT_COMPILATION_MODE = wholemodule;
				SWIFT_OPTIMIZATION_LEVEL = "-O";
				VALIDATE_PRODUCT = YES;
			};
			name = Release;
		};
		9F578D56293774A700FC58C7 /* Debug */ = {
			isa = XCBuildConfiguration;
			buildSettings = {
				ASSETCATALOG_COMPILER_APPICON_NAME = AppIcon;
				ASSETCATALOG_COMPILER_GLOBAL_ACCENT_COLOR_NAME = AccentColor;
				CODE_SIGN_STYLE = Automatic;
				CURRENT_PROJECT_VERSION = 1;
				DEVELOPMENT_TEAM = 5WLZ293DXK;
				GENERATE_INFOPLIST_FILE = YES;
				INFOPLIST_FILE = FreshNews/Info.plist;
				INFOPLIST_KEY_UIApplicationSupportsIndirectInputEvents = YES;
				INFOPLIST_KEY_UILaunchStoryboardName = LaunchScreen;
				INFOPLIST_KEY_UISupportedInterfaceOrientations = UIInterfaceOrientationPortrait;
				INFOPLIST_KEY_UISupportedInterfaceOrientations_iPad = "UIInterfaceOrientationPortrait UIInterfaceOrientationPortraitUpsideDown UIInterfaceOrientationLandscapeLeft UIInterfaceOrientationLandscapeRight";
				INFOPLIST_KEY_UISupportedInterfaceOrientations_iPhone = "UIInterfaceOrientationPortrait UIInterfaceOrientationLandscapeLeft UIInterfaceOrientationLandscapeRight";
				LD_RUNPATH_SEARCH_PATHS = (
					"$(inherited)",
					"@executable_path/Frameworks",
				);
				MARKETING_VERSION = 1.0;
				PRODUCT_BUNDLE_IDENTIFIER = com.dmitry.FreshNews;
				PRODUCT_NAME = "$(TARGET_NAME)";
				SWIFT_EMIT_LOC_STRINGS = YES;
				SWIFT_VERSION = 5.0;
				TARGETED_DEVICE_FAMILY = "1,2";
			};
			name = Debug;
		};
		9F578D57293774A700FC58C7 /* Release */ = {
			isa = XCBuildConfiguration;
			buildSettings = {
				ASSETCATALOG_COMPILER_APPICON_NAME = AppIcon;
				ASSETCATALOG_COMPILER_GLOBAL_ACCENT_COLOR_NAME = AccentColor;
				CODE_SIGN_STYLE = Automatic;
				CURRENT_PROJECT_VERSION = 1;
				DEVELOPMENT_TEAM = 5WLZ293DXK;
				GENERATE_INFOPLIST_FILE = YES;
				INFOPLIST_FILE = FreshNews/Info.plist;
				INFOPLIST_KEY_UIApplicationSupportsIndirectInputEvents = YES;
				INFOPLIST_KEY_UILaunchStoryboardName = LaunchScreen;
				INFOPLIST_KEY_UISupportedInterfaceOrientations = UIInterfaceOrientationPortrait;
				INFOPLIST_KEY_UISupportedInterfaceOrientations_iPad = "UIInterfaceOrientationPortrait UIInterfaceOrientationPortraitUpsideDown UIInterfaceOrientationLandscapeLeft UIInterfaceOrientationLandscapeRight";
				INFOPLIST_KEY_UISupportedInterfaceOrientations_iPhone = "UIInterfaceOrientationPortrait UIInterfaceOrientationLandscapeLeft UIInterfaceOrientationLandscapeRight";
				LD_RUNPATH_SEARCH_PATHS = (
					"$(inherited)",
					"@executable_path/Frameworks",
				);
				MARKETING_VERSION = 1.0;
				PRODUCT_BUNDLE_IDENTIFIER = com.dmitry.FreshNews;
				PRODUCT_NAME = "$(TARGET_NAME)";
				SWIFT_EMIT_LOC_STRINGS = YES;
				SWIFT_VERSION = 5.0;
				TARGETED_DEVICE_FAMILY = "1,2";
			};
			name = Release;
		};
/* End XCBuildConfiguration section */

/* Begin XCConfigurationList section */
		9F578D3C293774A600FC58C7 /* Build configuration list for PBXProject "FreshNews" */ = {
			isa = XCConfigurationList;
			buildConfigurations = (
				9F578D53293774A700FC58C7 /* Debug */,
				9F578D54293774A700FC58C7 /* Release */,
			);
			defaultConfigurationIsVisible = 0;
			defaultConfigurationName = Release;
		};
		9F578D55293774A700FC58C7 /* Build configuration list for PBXNativeTarget "FreshNews" */ = {
			isa = XCConfigurationList;
			buildConfigurations = (
				9F578D56293774A700FC58C7 /* Debug */,
				9F578D57293774A700FC58C7 /* Release */,
			);
			defaultConfigurationIsVisible = 0;
			defaultConfigurationName = Release;
		};
/* End XCConfigurationList section */
	};
	rootObject = 9F578D39293774A600FC58C7 /* Project object */;
}
